// !$*UTF8*$!
{
	archiveVersion = 1;
	classes = {
	};
	objectVersion = 55;
	objects = {

/* Begin PBXBuildFile section */
		0B01A15D285C6C7900F05422 /* DetailsViewController.m in Sources */ = {isa = PBXBuildFile; fileRef = 0B01A15C285C6C7900F05422 /* DetailsViewController.m */; };
		0BA2BABA285A460B00F58B3E /* AppDelegate.m in Sources */ = {isa = PBXBuildFile; fileRef = 0BA2BAB9285A460B00F58B3E /* AppDelegate.m */; };
		0BA2BABD285A460B00F58B3E /* SceneDelegate.m in Sources */ = {isa = PBXBuildFile; fileRef = 0BA2BABC285A460B00F58B3E /* SceneDelegate.m */; };
		0BA2BAC3285A460B00F58B3E /* Main.storyboard in Resources */ = {isa = PBXBuildFile; fileRef = 0BA2BAC1285A460B00F58B3E /* Main.storyboard */; };
		0BA2BAC5285A460C00F58B3E /* Assets.xcassets in Resources */ = {isa = PBXBuildFile; fileRef = 0BA2BAC4285A460C00F58B3E /* Assets.xcassets */; };
		0BA2BAC8285A460C00F58B3E /* LaunchScreen.storyboard in Resources */ = {isa = PBXBuildFile; fileRef = 0BA2BAC6285A460C00F58B3E /* LaunchScreen.storyboard */; };
		0BA2BACB285A460C00F58B3E /* main.m in Sources */ = {isa = PBXBuildFile; fileRef = 0BA2BACA285A460C00F58B3E /* main.m */; };
		0BA2BAD5285A460C00F58B3E /* FlixterTests.m in Sources */ = {isa = PBXBuildFile; fileRef = 0BA2BAD4285A460C00F58B3E /* FlixterTests.m */; };
		0BA2BADF285A460C00F58B3E /* FlixterUITests.m in Sources */ = {isa = PBXBuildFile; fileRef = 0BA2BADE285A460C00F58B3E /* FlixterUITests.m */; };
		0BA2BAE1285A460C00F58B3E /* FlixterUITestsLaunchTests.m in Sources */ = {isa = PBXBuildFile; fileRef = 0BA2BAE0285A460C00F58B3E /* FlixterUITestsLaunchTests.m */; };
		0BA2BAEF285A731300F58B3E /* MovieViewController.m in Sources */ = {isa = PBXBuildFile; fileRef = 0BA2BAEE285A731300F58B3E /* MovieViewController.m */; };
		0BA2BAF2285A7D9200F58B3E /* TableViewCell.m in Sources */ = {isa = PBXBuildFile; fileRef = 0BA2BAF1285A7D9200F58B3E /* TableViewCell.m */; };
		0BA2BAF5285A80AD00F58B3E /* myTableViewCell.m in Sources */ = {isa = PBXBuildFile; fileRef = 0BA2BAF4285A80AD00F58B3E /* myTableViewCell.m */; };
		2CAE1B9B7F9C3EAB9BD2F48B /* Pods_Flixter.framework in Frameworks */ = {isa = PBXBuildFile; fileRef = D3E33EB0AC77611C3842FE81 /* Pods_Flixter.framework */; };
		D7B8694F0715F02F180DA19C /* Pods_Flixter_FlixterUITests.framework in Frameworks */ = {isa = PBXBuildFile; fileRef = 77FE0DADADB9CFE03E9CB432 /* Pods_Flixter_FlixterUITests.framework */; };
		FED3B4B7A7E57BE1596A2727 /* Pods_FlixterTests.framework in Frameworks */ = {isa = PBXBuildFile; fileRef = 00A752E015932404088CBCDD /* Pods_FlixterTests.framework */; };
/* End PBXBuildFile section */

/* Begin PBXContainerItemProxy section */
		0BA2BAD1285A460C00F58B3E /* PBXContainerItemProxy */ = {
			isa = PBXContainerItemProxy;
			containerPortal = 0BA2BAAD285A460B00F58B3E /* Project object */;
			proxyType = 1;
			remoteGlobalIDString = 0BA2BAB4285A460B00F58B3E;
			remoteInfo = Flixter;
		};
		0BA2BADB285A460C00F58B3E /* PBXContainerItemProxy */ = {
			isa = PBXContainerItemProxy;
			containerPortal = 0BA2BAAD285A460B00F58B3E /* Project object */;
			proxyType = 1;
			remoteGlobalIDString = 0BA2BAB4285A460B00F58B3E;
			remoteInfo = Flixter;
		};
/* End PBXContainerItemProxy section */

/* Begin PBXFileReference section */
		00A752E015932404088CBCDD /* Pods_FlixterTests.framework */ = {isa = PBXFileReference; explicitFileType = wrapper.framework; includeInIndex = 0; path = Pods_FlixterTests.framework; sourceTree = BUILT_PRODUCTS_DIR; };
		0B01A15B285C6C7900F05422 /* DetailsViewController.h */ = {isa = PBXFileReference; lastKnownFileType = sourcecode.c.h; path = DetailsViewController.h; sourceTree = "<group>"; };
		0B01A15C285C6C7900F05422 /* DetailsViewController.m */ = {isa = PBXFileReference; lastKnownFileType = sourcecode.c.objc; path = DetailsViewController.m; sourceTree = "<group>"; };
		0BA2BAB5285A460B00F58B3E /* Flixter.app */ = {isa = PBXFileReference; explicitFileType = wrapper.application; includeInIndex = 0; path = Flixter.app; sourceTree = BUILT_PRODUCTS_DIR; };
		0BA2BAB8285A460B00F58B3E /* AppDelegate.h */ = {isa = PBXFileReference; lastKnownFileType = sourcecode.c.h; path = AppDelegate.h; sourceTree = "<group>"; };
		0BA2BAB9285A460B00F58B3E /* AppDelegate.m */ = {isa = PBXFileReference; lastKnownFileType = sourcecode.c.objc; path = AppDelegate.m; sourceTree = "<group>"; };
		0BA2BABB285A460B00F58B3E /* SceneDelegate.h */ = {isa = PBXFileReference; lastKnownFileType = sourcecode.c.h; path = SceneDelegate.h; sourceTree = "<group>"; };
		0BA2BABC285A460B00F58B3E /* SceneDelegate.m */ = {isa = PBXFileReference; lastKnownFileType = sourcecode.c.objc; path = SceneDelegate.m; sourceTree = "<group>"; };
		0BA2BAC2285A460B00F58B3E /* Base */ = {isa = PBXFileReference; lastKnownFileType = file.storyboard; name = Base; path = Base.lproj/Main.storyboard; sourceTree = "<group>"; };
		0BA2BAC4285A460C00F58B3E /* Assets.xcassets */ = {isa = PBXFileReference; lastKnownFileType = folder.assetcatalog; path = Assets.xcassets; sourceTree = "<group>"; };
		0BA2BAC7285A460C00F58B3E /* Base */ = {isa = PBXFileReference; lastKnownFileType = file.storyboard; name = Base; path = Base.lproj/LaunchScreen.storyboard; sourceTree = "<group>"; };
		0BA2BAC9285A460C00F58B3E /* Info.plist */ = {isa = PBXFileReference; lastKnownFileType = text.plist.xml; path = Info.plist; sourceTree = "<group>"; };
		0BA2BACA285A460C00F58B3E /* main.m */ = {isa = PBXFileReference; lastKnownFileType = sourcecode.c.objc; path = main.m; sourceTree = "<group>"; };
		0BA2BAD0285A460C00F58B3E /* FlixterTests.xctest */ = {isa = PBXFileReference; explicitFileType = wrapper.cfbundle; includeInIndex = 0; path = FlixterTests.xctest; sourceTree = BUILT_PRODUCTS_DIR; };
		0BA2BAD4285A460C00F58B3E /* FlixterTests.m */ = {isa = PBXFileReference; lastKnownFileType = sourcecode.c.objc; path = FlixterTests.m; sourceTree = "<group>"; };
		0BA2BADA285A460C00F58B3E /* FlixterUITests.xctest */ = {isa = PBXFileReference; explicitFileType = wrapper.cfbundle; includeInIndex = 0; path = FlixterUITests.xctest; sourceTree = BUILT_PRODUCTS_DIR; };
		0BA2BADE285A460C00F58B3E /* FlixterUITests.m */ = {isa = PBXFileReference; lastKnownFileType = sourcecode.c.objc; path = FlixterUITests.m; sourceTree = "<group>"; };
		0BA2BAE0285A460C00F58B3E /* FlixterUITestsLaunchTests.m */ = {isa = PBXFileReference; lastKnownFileType = sourcecode.c.objc; path = FlixterUITestsLaunchTests.m; sourceTree = "<group>"; };
		0BA2BAED285A731300F58B3E /* MovieViewController.h */ = {isa = PBXFileReference; lastKnownFileType = sourcecode.c.h; path = MovieViewController.h; sourceTree = "<group>"; };
		0BA2BAEE285A731300F58B3E /* MovieViewController.m */ = {isa = PBXFileReference; lastKnownFileType = sourcecode.c.objc; path = MovieViewController.m; sourceTree = "<group>"; };
		0BA2BAF0285A7D9200F58B3E /* TableViewCell.h */ = {isa = PBXFileReference; lastKnownFileType = sourcecode.c.h; name = TableViewCell.h; path = Flixter/TableViewCell.h; sourceTree = "<group>"; };
		0BA2BAF1285A7D9200F58B3E /* TableViewCell.m */ = {isa = PBXFileReference; lastKnownFileType = sourcecode.c.objc; name = TableViewCell.m; path = Flixter/TableViewCell.m; sourceTree = "<group>"; };
		0BA2BAF3285A80AD00F58B3E /* myTableViewCell.h */ = {isa = PBXFileReference; lastKnownFileType = sourcecode.c.h; path = myTableViewCell.h; sourceTree = "<group>"; };
		0BA2BAF4285A80AD00F58B3E /* myTableViewCell.m */ = {isa = PBXFileReference; lastKnownFileType = sourcecode.c.objc; path = myTableViewCell.m; sourceTree = "<group>"; };
		240B5397DC38FCF10F6A5BDF /* Pods-FlixterTests.release.xcconfig */ = {isa = PBXFileReference; includeInIndex = 1; lastKnownFileType = text.xcconfig; name = "Pods-FlixterTests.release.xcconfig"; path = "Target Support Files/Pods-FlixterTests/Pods-FlixterTests.release.xcconfig"; sourceTree = "<group>"; };
		479D1913A48F8A77747C02B9 /* Pods-Flixter.release.xcconfig */ = {isa = PBXFileReference; includeInIndex = 1; lastKnownFileType = text.xcconfig; name = "Pods-Flixter.release.xcconfig"; path = "Target Support Files/Pods-Flixter/Pods-Flixter.release.xcconfig"; sourceTree = "<group>"; };
		47DF556859044589001F38A3 /* Pods-Flixter-FlixterUITests.release.xcconfig */ = {isa = PBXFileReference; includeInIndex = 1; lastKnownFileType = text.xcconfig; name = "Pods-Flixter-FlixterUITests.release.xcconfig"; path = "Target Support Files/Pods-Flixter-FlixterUITests/Pods-Flixter-FlixterUITests.release.xcconfig"; sourceTree = "<group>"; };
		77FE0DADADB9CFE03E9CB432 /* Pods_Flixter_FlixterUITests.framework */ = {isa = PBXFileReference; explicitFileType = wrapper.framework; includeInIndex = 0; path = Pods_Flixter_FlixterUITests.framework; sourceTree = BUILT_PRODUCTS_DIR; };
		7B31386C0F3779038E7E8C06 /* Pods-FlixterTests.debug.xcconfig */ = {isa = PBXFileReference; includeInIndex = 1; lastKnownFileType = text.xcconfig; name = "Pods-FlixterTests.debug.xcconfig"; path = "Target Support Files/Pods-FlixterTests/Pods-FlixterTests.debug.xcconfig"; sourceTree = "<group>"; };
		95B7E92C5D22FC689CBDBD06 /* Pods-Flixter-FlixterUITests.debug.xcconfig */ = {isa = PBXFileReference; includeInIndex = 1; lastKnownFileType = text.xcconfig; name = "Pods-Flixter-FlixterUITests.debug.xcconfig"; path = "Target Support Files/Pods-Flixter-FlixterUITests/Pods-Flixter-FlixterUITests.debug.xcconfig"; sourceTree = "<group>"; };
		D3E33EB0AC77611C3842FE81 /* Pods_Flixter.framework */ = {isa = PBXFileReference; explicitFileType = wrapper.framework; includeInIndex = 0; path = Pods_Flixter.framework; sourceTree = BUILT_PRODUCTS_DIR; };
		F6E1315145B6CB4B62FEB8B6 /* Pods-Flixter.debug.xcconfig */ = {isa = PBXFileReference; includeInIndex = 1; lastKnownFileType = text.xcconfig; name = "Pods-Flixter.debug.xcconfig"; path = "Target Support Files/Pods-Flixter/Pods-Flixter.debug.xcconfig"; sourceTree = "<group>"; };
/* End PBXFileReference section */

/* Begin PBXFrameworksBuildPhase section */
		0BA2BAB2285A460B00F58B3E /* Frameworks */ = {
			isa = PBXFrameworksBuildPhase;
			buildActionMask = 2147483647;
			files = (
				2CAE1B9B7F9C3EAB9BD2F48B /* Pods_Flixter.framework in Frameworks */,
			);
			runOnlyForDeploymentPostprocessing = 0;
		};
		0BA2BACD285A460C00F58B3E /* Frameworks */ = {
			isa = PBXFrameworksBuildPhase;
			buildActionMask = 2147483647;
			files = (
				FED3B4B7A7E57BE1596A2727 /* Pods_FlixterTests.framework in Frameworks */,
			);
			runOnlyForDeploymentPostprocessing = 0;
		};
		0BA2BAD7285A460C00F58B3E /* Frameworks */ = {
			isa = PBXFrameworksBuildPhase;
			buildActionMask = 2147483647;
			files = (
				D7B8694F0715F02F180DA19C /* Pods_Flixter_FlixterUITests.framework in Frameworks */,
			);
			runOnlyForDeploymentPostprocessing = 0;
		};
/* End PBXFrameworksBuildPhase section */

/* Begin PBXGroup section */
		0BA2BAAC285A460B00F58B3E = {
			isa = PBXGroup;
			children = (
				0BA2BAF0285A7D9200F58B3E /* TableViewCell.h */,
				0BA2BAF1285A7D9200F58B3E /* TableViewCell.m */,
				0BA2BAB7285A460B00F58B3E /* Flixter */,
				0BA2BAD3285A460C00F58B3E /* FlixterTests */,
				0BA2BADD285A460C00F58B3E /* FlixterUITests */,
				0BA2BAB6285A460B00F58B3E /* Products */,
				6614D3895FE4939CF3E8D755 /* Pods */,
				A9A377A0F270A48DE28EDC44 /* Frameworks */,
			);
			sourceTree = "<group>";
		};
		0BA2BAB6285A460B00F58B3E /* Products */ = {
			isa = PBXGroup;
			children = (
				0BA2BAB5285A460B00F58B3E /* Flixter.app */,
				0BA2BAD0285A460C00F58B3E /* FlixterTests.xctest */,
				0BA2BADA285A460C00F58B3E /* FlixterUITests.xctest */,
			);
			name = Products;
			sourceTree = "<group>";
		};
		0BA2BAB7285A460B00F58B3E /* Flixter */ = {
			isa = PBXGroup;
			children = (
				0BA2BAB8285A460B00F58B3E /* AppDelegate.h */,
				0BA2BAB9285A460B00F58B3E /* AppDelegate.m */,
				0BA2BABB285A460B00F58B3E /* SceneDelegate.h */,
				0BA2BABC285A460B00F58B3E /* SceneDelegate.m */,
				0BA2BAC1285A460B00F58B3E /* Main.storyboard */,
				0B01A15B285C6C7900F05422 /* DetailsViewController.h */,
				0B01A15C285C6C7900F05422 /* DetailsViewController.m */,
				0BA2BAF3285A80AD00F58B3E /* myTableViewCell.h */,
				0BA2BAF4285A80AD00F58B3E /* myTableViewCell.m */,
				0BA2BAED285A731300F58B3E /* MovieViewController.h */,
				0BA2BAEE285A731300F58B3E /* MovieViewController.m */,
				0BA2BAC4285A460C00F58B3E /* Assets.xcassets */,
				0BA2BAC6285A460C00F58B3E /* LaunchScreen.storyboard */,
				0BA2BAC9285A460C00F58B3E /* Info.plist */,
				0BA2BACA285A460C00F58B3E /* main.m */,
			);
			path = Flixter;
			sourceTree = "<group>";
		};
		0BA2BAD3285A460C00F58B3E /* FlixterTests */ = {
			isa = PBXGroup;
			children = (
				0BA2BAD4285A460C00F58B3E /* FlixterTests.m */,
			);
			path = FlixterTests;
			sourceTree = "<group>";
		};
		0BA2BADD285A460C00F58B3E /* FlixterUITests */ = {
			isa = PBXGroup;
			children = (
				0BA2BADE285A460C00F58B3E /* FlixterUITests.m */,
				0BA2BAE0285A460C00F58B3E /* FlixterUITestsLaunchTests.m */,
			);
			path = FlixterUITests;
			sourceTree = "<group>";
		};
		6614D3895FE4939CF3E8D755 /* Pods */ = {
			isa = PBXGroup;
			children = (
				F6E1315145B6CB4B62FEB8B6 /* Pods-Flixter.debug.xcconfig */,
				479D1913A48F8A77747C02B9 /* Pods-Flixter.release.xcconfig */,
				95B7E92C5D22FC689CBDBD06 /* Pods-Flixter-FlixterUITests.debug.xcconfig */,
				47DF556859044589001F38A3 /* Pods-Flixter-FlixterUITests.release.xcconfig */,
				7B31386C0F3779038E7E8C06 /* Pods-FlixterTests.debug.xcconfig */,
				240B5397DC38FCF10F6A5BDF /* Pods-FlixterTests.release.xcconfig */,
			);
			path = Pods;
			sourceTree = "<group>";
		};
		A9A377A0F270A48DE28EDC44 /* Frameworks */ = {
			isa = PBXGroup;
			children = (
				D3E33EB0AC77611C3842FE81 /* Pods_Flixter.framework */,
				77FE0DADADB9CFE03E9CB432 /* Pods_Flixter_FlixterUITests.framework */,
				00A752E015932404088CBCDD /* Pods_FlixterTests.framework */,
			);
			name = Frameworks;
			sourceTree = "<group>";
		};
/* End PBXGroup section */

/* Begin PBXNativeTarget section */
		0BA2BAB4285A460B00F58B3E /* Flixter */ = {
			isa = PBXNativeTarget;
			buildConfigurationList = 0BA2BAE4285A460C00F58B3E /* Build configuration list for PBXNativeTarget "Flixter" */;
			buildPhases = (
				6EE87CE12F1A12DCA4E7B64A /* [CP] Check Pods Manifest.lock */,
				0BA2BAB1285A460B00F58B3E /* Sources */,
				0BA2BAB2285A460B00F58B3E /* Frameworks */,
				0BA2BAB3285A460B00F58B3E /* Resources */,
				1B041D2D91113A4AB49B3B35 /* [CP] Embed Pods Frameworks */,
			);
			buildRules = (
			);
			dependencies = (
			);
			name = Flixter;
			productName = Flixter;
			productReference = 0BA2BAB5285A460B00F58B3E /* Flixter.app */;
			productType = "com.apple.product-type.application";
		};
		0BA2BACF285A460C00F58B3E /* FlixterTests */ = {
			isa = PBXNativeTarget;
			buildConfigurationList = 0BA2BAE7285A460C00F58B3E /* Build configuration list for PBXNativeTarget "FlixterTests" */;
			buildPhases = (
				3B288D29C98C0BEF688430F4 /* [CP] Check Pods Manifest.lock */,
				0BA2BACC285A460C00F58B3E /* Sources */,
				0BA2BACD285A460C00F58B3E /* Frameworks */,
				0BA2BACE285A460C00F58B3E /* Resources */,
			);
			buildRules = (
			);
			dependencies = (
				0BA2BAD2285A460C00F58B3E /* PBXTargetDependency */,
			);
			name = FlixterTests;
			productName = FlixterTests;
			productReference = 0BA2BAD0285A460C00F58B3E /* FlixterTests.xctest */;
			productType = "com.apple.product-type.bundle.unit-test";
		};
		0BA2BAD9285A460C00F58B3E /* FlixterUITests */ = {
			isa = PBXNativeTarget;
			buildConfigurationList = 0BA2BAEA285A460C00F58B3E /* Build configuration list for PBXNativeTarget "FlixterUITests" */;
			buildPhases = (
				89DE8C799FE042B9CABC6C88 /* [CP] Check Pods Manifest.lock */,
				0BA2BAD6285A460C00F58B3E /* Sources */,
				0BA2BAD7285A460C00F58B3E /* Frameworks */,
				0BA2BAD8285A460C00F58B3E /* Resources */,
				92F79F6E2C96E6FBE58B364F /* [CP] Embed Pods Frameworks */,
			);
			buildRules = (
			);
			dependencies = (
				0BA2BADC285A460C00F58B3E /* PBXTargetDependency */,
			);
			name = FlixterUITests;
			productName = FlixterUITests;
			productReference = 0BA2BADA285A460C00F58B3E /* FlixterUITests.xctest */;
			productType = "com.apple.product-type.bundle.ui-testing";
		};
/* End PBXNativeTarget section */

/* Begin PBXProject section */
		0BA2BAAD285A460B00F58B3E /* Project object */ = {
			isa = PBXProject;
			attributes = {
				BuildIndependentTargetsInParallel = 1;
				LastUpgradeCheck = 1340;
				TargetAttributes = {
					0BA2BAB4285A460B00F58B3E = {
						CreatedOnToolsVersion = 13.4;
					};
					0BA2BACF285A460C00F58B3E = {
						CreatedOnToolsVersion = 13.4;
						TestTargetID = 0BA2BAB4285A460B00F58B3E;
					};
					0BA2BAD9285A460C00F58B3E = {
						CreatedOnToolsVersion = 13.4;
						TestTargetID = 0BA2BAB4285A460B00F58B3E;
					};
				};
			};
			buildConfigurationList = 0BA2BAB0285A460B00F58B3E /* Build configuration list for PBXProject "Flixter" */;
			compatibilityVersion = "Xcode 13.0";
			developmentRegion = en;
			hasScannedForEncodings = 0;
			knownRegions = (
				en,
				Base,
			);
			mainGroup = 0BA2BAAC285A460B00F58B3E;
			productRefGroup = 0BA2BAB6285A460B00F58B3E /* Products */;
			projectDirPath = "";
			projectRoot = "";
			targets = (
				0BA2BAB4285A460B00F58B3E /* Flixter */,
				0BA2BACF285A460C00F58B3E /* FlixterTests */,
				0BA2BAD9285A460C00F58B3E /* FlixterUITests */,
			);
		};
/* End PBXProject section */

/* Begin PBXResourcesBuildPhase section */
		0BA2BAB3285A460B00F58B3E /* Resources */ = {
			isa = PBXResourcesBuildPhase;
			buildActionMask = 2147483647;
			files = (
				0BA2BAC8285A460C00F58B3E /* LaunchScreen.storyboard in Resources */,
				0BA2BAC5285A460C00F58B3E /* Assets.xcassets in Resources */,
				0BA2BAC3285A460B00F58B3E /* Main.storyboard in Resources */,
			);
			runOnlyForDeploymentPostprocessing = 0;
		};
		0BA2BACE285A460C00F58B3E /* Resources */ = {
			isa = PBXResourcesBuildPhase;
			buildActionMask = 2147483647;
			files = (
			);
			runOnlyForDeploymentPostprocessing = 0;
		};
		0BA2BAD8285A460C00F58B3E /* Resources */ = {
			isa = PBXResourcesBuildPhase;
			buildActionMask = 2147483647;
			files = (
			);
			runOnlyForDeploymentPostprocessing = 0;
		};
/* End PBXResourcesBuildPhase section */

/* Begin PBXShellScriptBuildPhase section */
		1B041D2D91113A4AB49B3B35 /* [CP] Embed Pods Frameworks */ = {
			isa = PBXShellScriptBuildPhase;
			buildActionMask = 2147483647;
			files = (
			);
			inputFileListPaths = (
				"${PODS_ROOT}/Target Support Files/Pods-Flixter/Pods-Flixter-frameworks-${CONFIGURATION}-input-files.xcfilelist",
			);
			name = "[CP] Embed Pods Frameworks";
			outputFileListPaths = (
				"${PODS_ROOT}/Target Support Files/Pods-Flixter/Pods-Flixter-frameworks-${CONFIGURATION}-output-files.xcfilelist",
			);
			runOnlyForDeploymentPostprocessing = 0;
			shellPath = /bin/sh;
			shellScript = "\"${PODS_ROOT}/Target Support Files/Pods-Flixter/Pods-Flixter-frameworks.sh\"\n";
			showEnvVarsInLog = 0;
		};
		3B288D29C98C0BEF688430F4 /* [CP] Check Pods Manifest.lock */ = {
			isa = PBXShellScriptBuildPhase;
			buildActionMask = 2147483647;
			files = (
			);
			inputFileListPaths = (
			);
			inputPaths = (
				"${PODS_PODFILE_DIR_PATH}/Podfile.lock",
				"${PODS_ROOT}/Manifest.lock",
			);
			name = "[CP] Check Pods Manifest.lock";
			outputFileListPaths = (
			);
			outputPaths = (
				"$(DERIVED_FILE_DIR)/Pods-FlixterTests-checkManifestLockResult.txt",
			);
			runOnlyForDeploymentPostprocessing = 0;
			shellPath = /bin/sh;
			shellScript = "diff \"${PODS_PODFILE_DIR_PATH}/Podfile.lock\" \"${PODS_ROOT}/Manifest.lock\" > /dev/null\nif [ $? != 0 ] ; then\n    # print error to STDERR\n    echo \"error: The sandbox is not in sync with the Podfile.lock. Run 'pod install' or update your CocoaPods installation.\" >&2\n    exit 1\nfi\n# This output is used by Xcode 'outputs' to avoid re-running this script phase.\necho \"SUCCESS\" > \"${SCRIPT_OUTPUT_FILE_0}\"\n";
			showEnvVarsInLog = 0;
		};
		6EE87CE12F1A12DCA4E7B64A /* [CP] Check Pods Manifest.lock */ = {
			isa = PBXShellScriptBuildPhase;
			buildActionMask = 2147483647;
			files = (
			);
			inputFileListPaths = (
			);
			inputPaths = (
				"${PODS_PODFILE_DIR_PATH}/Podfile.lock",
				"${PODS_ROOT}/Manifest.lock",
			);
			name = "[CP] Check Pods Manifest.lock";
			outputFileListPaths = (
			);
			outputPaths = (
				"$(DERIVED_FILE_DIR)/Pods-Flixter-checkManifestLockResult.txt",
			);
			runOnlyForDeploymentPostprocessing = 0;
			shellPath = /bin/sh;
			shellScript = "diff \"${PODS_PODFILE_DIR_PATH}/Podfile.lock\" \"${PODS_ROOT}/Manifest.lock\" > /dev/null\nif [ $? != 0 ] ; then\n    # print error to STDERR\n    echo \"error: The sandbox is not in sync with the Podfile.lock. Run 'pod install' or update your CocoaPods installation.\" >&2\n    exit 1\nfi\n# This output is used by Xcode 'outputs' to avoid re-running this script phase.\necho \"SUCCESS\" > \"${SCRIPT_OUTPUT_FILE_0}\"\n";
			showEnvVarsInLog = 0;
		};
		89DE8C799FE042B9CABC6C88 /* [CP] Check Pods Manifest.lock */ = {
			isa = PBXShellScriptBuildPhase;
			buildActionMask = 2147483647;
			files = (
			);
			inputFileListPaths = (
			);
			inputPaths = (
				"${PODS_PODFILE_DIR_PATH}/Podfile.lock",
				"${PODS_ROOT}/Manifest.lock",
			);
			name = "[CP] Check Pods Manifest.lock";
			outputFileListPaths = (
			);
			outputPaths = (
				"$(DERIVED_FILE_DIR)/Pods-Flixter-FlixterUITests-checkManifestLockResult.txt",
			);
			runOnlyForDeploymentPostprocessing = 0;
			shellPath = /bin/sh;
			shellScript = "diff \"${PODS_PODFILE_DIR_PATH}/Podfile.lock\" \"${PODS_ROOT}/Manifest.lock\" > /dev/null\nif [ $? != 0 ] ; then\n    # print error to STDERR\n    echo \"error: The sandbox is not in sync with the Podfile.lock. Run 'pod install' or update your CocoaPods installation.\" >&2\n    exit 1\nfi\n# This output is used by Xcode 'outputs' to avoid re-running this script phase.\necho \"SUCCESS\" > \"${SCRIPT_OUTPUT_FILE_0}\"\n";
			showEnvVarsInLog = 0;
		};
		92F79F6E2C96E6FBE58B364F /* [CP] Embed Pods Frameworks */ = {
			isa = PBXShellScriptBuildPhase;
			buildActionMask = 2147483647;
			files = (
			);
			inputFileListPaths = (
				"${PODS_ROOT}/Target Support Files/Pods-Flixter-FlixterUITests/Pods-Flixter-FlixterUITests-frameworks-${CONFIGURATION}-input-files.xcfilelist",
			);
			name = "[CP] Embed Pods Frameworks";
			outputFileListPaths = (
				"${PODS_ROOT}/Target Support Files/Pods-Flixter-FlixterUITests/Pods-Flixter-FlixterUITests-frameworks-${CONFIGURATION}-output-files.xcfilelist",
			);
			runOnlyForDeploymentPostprocessing = 0;
			shellPath = /bin/sh;
			shellScript = "\"${PODS_ROOT}/Target Support Files/Pods-Flixter-FlixterUITests/Pods-Flixter-FlixterUITests-frameworks.sh\"\n";
			showEnvVarsInLog = 0;
		};
/* End PBXShellScriptBuildPhase section */

/* Begin PBXSourcesBuildPhase section */
		0BA2BAB1285A460B00F58B3E /* Sources */ = {
			isa = PBXSourcesBuildPhase;
			buildActionMask = 2147483647;
			files = (
				0BA2BABA285A460B00F58B3E /* AppDelegate.m in Sources */,
				0BA2BAF5285A80AD00F58B3E /* myTableViewCell.m in Sources */,
				0BA2BACB285A460C00F58B3E /* main.m in Sources */,
				0BA2BAEF285A731300F58B3E /* MovieViewController.m in Sources */,
				0B01A15D285C6C7900F05422 /* DetailsViewController.m in Sources */,
				0BA2BAF2285A7D9200F58B3E /* TableViewCell.m in Sources */,
				0BA2BABD285A460B00F58B3E /* SceneDelegate.m in Sources */,
			);
			runOnlyForDeploymentPostprocessing = 0;
		};
		0BA2BACC285A460C00F58B3E /* Sources */ = {
			isa = PBXSourcesBuildPhase;
			buildActionMask = 2147483647;
			files = (
				0BA2BAD5285A460C00F58B3E /* FlixterTests.m in Sources */,
			);
			runOnlyForDeploymentPostprocessing = 0;
		};
		0BA2BAD6285A460C00F58B3E /* Sources */ = {
			isa = PBXSourcesBuildPhase;
			buildActionMask = 2147483647;
			files = (
				0BA2BADF285A460C00F58B3E /* FlixterUITests.m in Sources */,
				0BA2BAE1285A460C00F58B3E /* FlixterUITestsLaunchTests.m in Sources */,
			);
			runOnlyForDeploymentPostprocessing = 0;
		};
/* End PBXSourcesBuildPhase section */

/* Begin PBXTargetDependency section */
		0BA2BAD2285A460C00F58B3E /* PBXTargetDependency */ = {
			isa = PBXTargetDependency;
			target = 0BA2BAB4285A460B00F58B3E /* Flixter */;
			targetProxy = 0BA2BAD1285A460C00F58B3E /* PBXContainerItemProxy */;
		};
		0BA2BADC285A460C00F58B3E /* PBXTargetDependency */ = {
			isa = PBXTargetDependency;
			target = 0BA2BAB4285A460B00F58B3E /* Flixter */;
			targetProxy = 0BA2BADB285A460C00F58B3E /* PBXContainerItemProxy */;
		};
/* End PBXTargetDependency section */

/* Begin PBXVariantGroup section */
		0BA2BAC1285A460B00F58B3E /* Main.storyboard */ = {
			isa = PBXVariantGroup;
			children = (
				0BA2BAC2285A460B00F58B3E /* Base */,
			);
			name = Main.storyboard;
			sourceTree = "<group>";
		};
		0BA2BAC6285A460C00F58B3E /* LaunchScreen.storyboard */ = {
			isa = PBXVariantGroup;
			children = (
				0BA2BAC7285A460C00F58B3E /* Base */,
			);
			name = LaunchScreen.storyboard;
			sourceTree = "<group>";
		};
/* End PBXVariantGroup section */

/* Begin XCBuildConfiguration section */
		0BA2BAE2285A460C00F58B3E /* Debug */ = {
			isa = XCBuildConfiguration;
			buildSettings = {
				ALWAYS_SEARCH_USER_PATHS = NO;
				CLANG_ANALYZER_NONNULL = YES;
				CLANG_ANALYZER_NUMBER_OBJECT_CONVERSION = YES_AGGRESSIVE;
				CLANG_CXX_LANGUAGE_STANDARD = "gnu++17";
				CLANG_ENABLE_MODULES = YES;
				CLANG_ENABLE_OBJC_ARC = YES;
				CLANG_ENABLE_OBJC_WEAK = YES;
				CLANG_WARN_BLOCK_CAPTURE_AUTORELEASING = YES;
				CLANG_WARN_BOOL_CONVERSION = YES;
				CLANG_WARN_COMMA = YES;
				CLANG_WARN_CONSTANT_CONVERSION = YES;
				CLANG_WARN_DEPRECATED_OBJC_IMPLEMENTATIONS = YES;
				CLANG_WARN_DIRECT_OBJC_ISA_USAGE = YES_ERROR;
				CLANG_WARN_DOCUMENTATION_COMMENTS = YES;
				CLANG_WARN_EMPTY_BODY = YES;
				CLANG_WARN_ENUM_CONVERSION = YES;
				CLANG_WARN_INFINITE_RECURSION = YES;
				CLANG_WARN_INT_CONVERSION = YES;
				CLANG_WARN_NON_LITERAL_NULL_CONVERSION = YES;
				CLANG_WARN_OBJC_IMPLICIT_RETAIN_SELF = YES;
				CLANG_WARN_OBJC_LITERAL_CONVERSION = YES;
				CLANG_WARN_OBJC_ROOT_CLASS = YES_ERROR;
				CLANG_WARN_QUOTED_INCLUDE_IN_FRAMEWORK_HEADER = YES;
				CLANG_WARN_RANGE_LOOP_ANALYSIS = YES;
				CLANG_WARN_STRICT_PROTOTYPES = YES;
				CLANG_WARN_SUSPICIOUS_MOVE = YES;
				CLANG_WARN_UNGUARDED_AVAILABILITY = YES_AGGRESSIVE;
				CLANG_WARN_UNREACHABLE_CODE = YES;
				CLANG_WARN__DUPLICATE_METHOD_MATCH = YES;
				COPY_PHASE_STRIP = NO;
				DEBUG_INFORMATION_FORMAT = dwarf;
				ENABLE_STRICT_OBJC_MSGSEND = YES;
				ENABLE_TESTABILITY = YES;
				GCC_C_LANGUAGE_STANDARD = gnu11;
				GCC_DYNAMIC_NO_PIC = NO;
				GCC_NO_COMMON_BLOCKS = YES;
				GCC_OPTIMIZATION_LEVEL = 0;
				GCC_PREPROCESSOR_DEFINITIONS = (
					"DEBUG=1",
					"$(inherited)",
				);
				GCC_WARN_64_TO_32_BIT_CONVERSION = YES;
				GCC_WARN_ABOUT_RETURN_TYPE = YES_ERROR;
				GCC_WARN_UNDECLARED_SELECTOR = YES;
				GCC_WARN_UNINITIALIZED_AUTOS = YES_AGGRESSIVE;
				GCC_WARN_UNUSED_FUNCTION = YES;
				GCC_WARN_UNUSED_VARIABLE = YES;
				IPHONEOS_DEPLOYMENT_TARGET = 15.5;
				MTL_ENABLE_DEBUG_INFO = INCLUDE_SOURCE;
				MTL_FAST_MATH = YES;
				ONLY_ACTIVE_ARCH = YES;
				SDKROOT = iphoneos;
			};
			name = Debug;
		};
		0BA2BAE3285A460C00F58B3E /* Release */ = {
			isa = XCBuildConfiguration;
			buildSettings = {
				ALWAYS_SEARCH_USER_PATHS = NO;
				CLANG_ANALYZER_NONNULL = YES;
				CLANG_ANALYZER_NUMBER_OBJECT_CONVERSION = YES_AGGRESSIVE;
				CLANG_CXX_LANGUAGE_STANDARD = "gnu++17";
				CLANG_ENABLE_MODULES = YES;
				CLANG_ENABLE_OBJC_ARC = YES;
				CLANG_ENABLE_OBJC_WEAK = YES;
				CLANG_WARN_BLOCK_CAPTURE_AUTORELEASING = YES;
				CLANG_WARN_BOOL_CONVERSION = YES;
				CLANG_WARN_COMMA = YES;
				CLANG_WARN_CONSTANT_CONVERSION = YES;
				CLANG_WARN_DEPRECATED_OBJC_IMPLEMENTATIONS = YES;
				CLANG_WARN_DIRECT_OBJC_ISA_USAGE = YES_ERROR;
				CLANG_WARN_DOCUMENTATION_COMMENTS = YES;
				CLANG_WARN_EMPTY_BODY = YES;
				CLANG_WARN_ENUM_CONVERSION = YES;
				CLANG_WARN_INFINITE_RECURSION = YES;
				CLANG_WARN_INT_CONVERSION = YES;
				CLANG_WARN_NON_LITERAL_NULL_CONVERSION = YES;
				CLANG_WARN_OBJC_IMPLICIT_RETAIN_SELF = YES;
				CLANG_WARN_OBJC_LITERAL_CONVERSION = YES;
				CLANG_WARN_OBJC_ROOT_CLASS = YES_ERROR;
				CLANG_WARN_QUOTED_INCLUDE_IN_FRAMEWORK_HEADER = YES;
				CLANG_WARN_RANGE_LOOP_ANALYSIS = YES;
				CLANG_WARN_STRICT_PROTOTYPES = YES;
				CLANG_WARN_SUSPICIOUS_MOVE = YES;
				CLANG_WARN_UNGUARDED_AVAILABILITY = YES_AGGRESSIVE;
				CLANG_WARN_UNREACHABLE_CODE = YES;
				CLANG_WARN__DUPLICATE_METHOD_MATCH = YES;
				COPY_PHASE_STRIP = NO;
				DEBUG_INFORMATION_FORMAT = "dwarf-with-dsym";
				ENABLE_NS_ASSERTIONS = NO;
				ENABLE_STRICT_OBJC_MSGSEND = YES;
				GCC_C_LANGUAGE_STANDARD = gnu11;
				GCC_NO_COMMON_BLOCKS = YES;
				GCC_WARN_64_TO_32_BIT_CONVERSION = YES;
				GCC_WARN_ABOUT_RETURN_TYPE = YES_ERROR;
				GCC_WARN_UNDECLARED_SELECTOR = YES;
				GCC_WARN_UNINITIALIZED_AUTOS = YES_AGGRESSIVE;
				GCC_WARN_UNUSED_FUNCTION = YES;
				GCC_WARN_UNUSED_VARIABLE = YES;
				IPHONEOS_DEPLOYMENT_TARGET = 15.5;
				MTL_ENABLE_DEBUG_INFO = NO;
				MTL_FAST_MATH = YES;
				SDKROOT = iphoneos;
				VALIDATE_PRODUCT = YES;
			};
			name = Release;
		};
		0BA2BAE5285A460C00F58B3E /* Debug */ = {
			isa = XCBuildConfiguration;
			baseConfigurationReference = F6E1315145B6CB4B62FEB8B6 /* Pods-Flixter.debug.xcconfig */;
			buildSettings = {
				ASSETCATALOG_COMPILER_APPICON_NAME = AppIcon;
				ASSETCATALOG_COMPILER_GLOBAL_ACCENT_COLOR_NAME = AccentColor;
				CODE_SIGN_STYLE = Automatic;
				CURRENT_PROJECT_VERSION = 1;
				DEVELOPMENT_TEAM = H3A3L9F6YA;
				GENERATE_INFOPLIST_FILE = YES;
				INFOPLIST_FILE = Flixter/Info.plist;
				INFOPLIST_KEY_UIApplicationSupportsIndirectInputEvents = YES;
				INFOPLIST_KEY_UILaunchStoryboardName = LaunchScreen;
				INFOPLIST_KEY_UIMainStoryboardFile = Main;
				INFOPLIST_KEY_UISupportedInterfaceOrientations_iPad = "UIInterfaceOrientationPortrait UIInterfaceOrientationPortraitUpsideDown UIInterfaceOrientationLandscapeLeft UIInterfaceOrientationLandscapeRight";
				INFOPLIST_KEY_UISupportedInterfaceOrientations_iPhone = "UIInterfaceOrientationPortrait UIInterfaceOrientationLandscapeLeft UIInterfaceOrientationLandscapeRight";
				LD_RUNPATH_SEARCH_PATHS = (
					"$(inherited)",
					"@executable_path/Frameworks",
				);
				MARKETING_VERSION = 1.0;
				PRODUCT_BUNDLE_IDENTIFIER = com.abena.Flixter;
				PRODUCT_NAME = "$(TARGET_NAME)";
				SWIFT_EMIT_LOC_STRINGS = YES;
				TARGETED_DEVICE_FAMILY = "1,2";
			};
			name = Debug;
		};
		0BA2BAE6285A460C00F58B3E /* Release */ = {
			isa = XCBuildConfiguration;
			baseConfigurationReference = 479D1913A48F8A77747C02B9 /* Pods-Flixter.release.xcconfig */;
			buildSettings = {
				ASSETCATALOG_COMPILER_APPICON_NAME = AppIcon;
				ASSETCATALOG_COMPILER_GLOBAL_ACCENT_COLOR_NAME = AccentColor;
				CODE_SIGN_STYLE = Automatic;
				CURRENT_PROJECT_VERSION = 1;
				DEVELOPMENT_TEAM = H3A3L9F6YA;
				GENERATE_INFOPLIST_FILE = YES;
				INFOPLIST_FILE = Flixter/Info.plist;
				INFOPLIST_KEY_UIApplicationSupportsIndirectInputEvents = YES;
				INFOPLIST_KEY_UILaunchStoryboardName = LaunchScreen;
				INFOPLIST_KEY_UIMainStoryboardFile = Main;
				INFOPLIST_KEY_UISupportedInterfaceOrientations_iPad = "UIInterfaceOrientationPortrait UIInterfaceOrientationPortraitUpsideDown UIInterfaceOrientationLandscapeLeft UIInterfaceOrientationLandscapeRight";
				INFOPLIST_KEY_UISupportedInterfaceOrientations_iPhone = "UIInterfaceOrientationPortrait UIInterfaceOrientationLandscapeLeft UIInterfaceOrientationLandscapeRight";
				LD_RUNPATH_SEARCH_PATHS = (
					"$(inherited)",
					"@executable_path/Frameworks",
				);
				MARKETING_VERSION = 1.0;
				PRODUCT_BUNDLE_IDENTIFIER = com.abena.Flixter;
				PRODUCT_NAME = "$(TARGET_NAME)";
				SWIFT_EMIT_LOC_STRINGS = YES;
				TARGETED_DEVICE_FAMILY = "1,2";
			};
			name = Release;
		};
		0BA2BAE8285A460C00F58B3E /* Debug */ = {
			isa = XCBuildConfiguration;
			baseConfigurationReference = 7B31386C0F3779038E7E8C06 /* Pods-FlixterTests.debug.xcconfig */;
			buildSettings = {
				BUNDLE_LOADER = "$(TEST_HOST)";
				CODE_SIGN_STYLE = Automatic;
				CURRENT_PROJECT_VERSION = 1;
				DEVELOPMENT_TEAM = H3A3L9F6YA;
				GENERATE_INFOPLIST_FILE = YES;
				IPHONEOS_DEPLOYMENT_TARGET = 15.5;
				MARKETING_VERSION = 1.0;
				PRODUCT_BUNDLE_IDENTIFIER = com.abena.FlixterTests;
				PRODUCT_NAME = "$(TARGET_NAME)";
				SWIFT_EMIT_LOC_STRINGS = NO;
				TARGETED_DEVICE_FAMILY = "1,2";
				TEST_HOST = "$(BUILT_PRODUCTS_DIR)/Flixter.app/Flixter";
			};
			name = Debug;
		};
		0BA2BAE9285A460C00F58B3E /* Release */ = {
			isa = XCBuildConfiguration;
			baseConfigurationReference = 240B5397DC38FCF10F6A5BDF /* Pods-FlixterTests.release.xcconfig */;
			buildSettings = {
				BUNDLE_LOADER = "$(TEST_HOST)";
				CODE_SIGN_STYLE = Automatic;
				CURRENT_PROJECT_VERSION = 1;
				DEVELOPMENT_TEAM = H3A3L9F6YA;
				GENERATE_INFOPLIST_FILE = YES;
				IPHONEOS_DEPLOYMENT_TARGET = 15.5;
				MARKETING_VERSION = 1.0;
				PRODUCT_BUNDLE_IDENTIFIER = com.abena.FlixterTests;
				PRODUCT_NAME = "$(TARGET_NAME)";
				SWIFT_EMIT_LOC_STRINGS = NO;
				TARGETED_DEVICE_FAMILY = "1,2";
				TEST_HOST = "$(BUILT_PRODUCTS_DIR)/Flixter.app/Flixter";
			};
			name = Release;
		};
		0BA2BAEB285A460C00F58B3E /* Debug */ = {
			isa = XCBuildConfiguration;
			baseConfigurationReference = 95B7E92C5D22FC689CBDBD06 /* Pods-Flixter-FlixterUITests.debug.xcconfig */;
			buildSettings = {
				CODE_SIGN_STYLE = Automatic;
				CURRENT_PROJECT_VERSION = 1;
				DEVELOPMENT_TEAM = H3A3L9F6YA;
				GENERATE_INFOPLIST_FILE = YES;
				MARKETING_VERSION = 1.0;
				PRODUCT_BUNDLE_IDENTIFIER = com.abena.FlixterUITests;
				PRODUCT_NAME = "$(TARGET_NAME)";
				SWIFT_EMIT_LOC_STRINGS = NO;
				TARGETED_DEVICE_FAMILY = "1,2";
				TEST_TARGET_NAME = Flixter;
			};
			name = Debug;
		};
		0BA2BAEC285A460C00F58B3E /* Release */ = {
			isa = XCBuildConfiguration;
			baseConfigurationReference = 47DF556859044589001F38A3 /* Pods-Flixter-FlixterUITests.release.xcconfig */;
			buildSettings = {
				CODE_SIGN_STYLE = Automatic;
				CURRENT_PROJECT_VERSION = 1;
				DEVELOPMENT_TEAM = H3A3L9F6YA;
				GENERATE_INFOPLIST_FILE = YES;
				MARKETING_VERSION = 1.0;
				PRODUCT_BUNDLE_IDENTIFIER = com.abena.FlixterUITests;
				PRODUCT_NAME = "$(TARGET_NAME)";
				SWIFT_EMIT_LOC_STRINGS = NO;
				TARGETED_DEVICE_FAMILY = "1,2";
				TEST_TARGET_NAME = Flixter;
			};
			name = Release;
		};
/* End XCBuildConfiguration section */

/* Begin XCConfigurationList section */
		0BA2BAB0285A460B00F58B3E /* Build configuration list for PBXProject "Flixter" */ = {
			isa = XCConfigurationList;
			buildConfigurations = (
				0BA2BAE2285A460C00F58B3E /* Debug */,
				0BA2BAE3285A460C00F58B3E /* Release */,
			);
			defaultConfigurationIsVisible = 0;
			defaultConfigurationName = Release;
		};
		0BA2BAE4285A460C00F58B3E /* Build configuration list for PBXNativeTarget "Flixter" */ = {
			isa = XCConfigurationList;
			buildConfigurations = (
				0BA2BAE5285A460C00F58B3E /* Debug */,
				0BA2BAE6285A460C00F58B3E /* Release */,
			);
			defaultConfigurationIsVisible = 0;
			defaultConfigurationName = Release;
		};
		0BA2BAE7285A460C00F58B3E /* Build configuration list for PBXNativeTarget "FlixterTests" */ = {
			isa = XCConfigurationList;
			buildConfigurations = (
				0BA2BAE8285A460C00F58B3E /* Debug */,
				0BA2BAE9285A460C00F58B3E /* Release */,
			);
			defaultConfigurationIsVisible = 0;
			defaultConfigurationName = Release;
		};
		0BA2BAEA285A460C00F58B3E /* Build configuration list for PBXNativeTarget "FlixterUITests" */ = {
			isa = XCConfigurationList;
			buildConfigurations = (
				0BA2BAEB285A460C00F58B3E /* Debug */,
				0BA2BAEC285A460C00F58B3E /* Release */,
			);
			defaultConfigurationIsVisible = 0;
			defaultConfigurationName = Release;
		};
/* End XCConfigurationList section */
	};
	rootObject = 0BA2BAAD285A460B00F58B3E /* Project object */;
}
